// !$*UTF8*$!
{
	archiveVersion = 1;
	classes = {
	};
	objectVersion = 53;
	objects = {

/* Begin PBXBuildFile section */
		5C5C0E1F2A5DA4B2001A40CE /* Pods_ChatDemo.framework in Frameworks */ = {isa = PBXBuildFile; fileRef = C60708FA21D7E0AECECC67EF /* Pods_ChatDemo.framework */; };
		5C5C0E232A5DAE24001A40CE /* AVFoundation.framework in Frameworks */ = {isa = PBXBuildFile; fileRef = 5C5C0E222A5DAE24001A40CE /* AVFoundation.framework */; };
		6103330C1B5EA3B70095FB4A /* ContactsViewController.m in Sources */ = {isa = PBXBuildFile; fileRef = 6103330B1B5EA3B70095FB4A /* ContactsViewController.m */; };
		6103330F1B5EA6AA0095FB4A /* AddFriendViewController.m in Sources */ = {isa = PBXBuildFile; fileRef = 6103330E1B5EA6AA0095FB4A /* AddFriendViewController.m */; };
		6108507D1B5B6054006067DD /* main.m in Sources */ = {isa = PBXBuildFile; fileRef = 6108507C1B5B6054006067DD /* main.m */; };
		610850801B5B6054006067DD /* AppDelegate.m in Sources */ = {isa = PBXBuildFile; fileRef = 6108507F1B5B6054006067DD /* AppDelegate.m */; };
		610850831B5B6054006067DD /* ViewController.m in Sources */ = {isa = PBXBuildFile; fileRef = 610850821B5B6054006067DD /* ViewController.m */; };
		610850861B5B6054006067DD /* Main.storyboard in Resources */ = {isa = PBXBuildFile; fileRef = 610850841B5B6054006067DD /* Main.storyboard */; };
		610850881B5B6054006067DD /* Images.xcassets in Resources */ = {isa = PBXBuildFile; fileRef = 610850871B5B6054006067DD /* Images.xcassets */; };
		610850A61B5B64F8006067DD /* LaunchImage-568h@2x.png in Resources */ = {isa = PBXBuildFile; fileRef = 610850A21B5B64F8006067DD /* LaunchImage-568h@2x.png */; };
		610850A71B5B64F8006067DD /* LaunchImage.png in Resources */ = {isa = PBXBuildFile; fileRef = 610850A31B5B64F8006067DD /* LaunchImage.png */; };
		610850A81B5B64F8006067DD /* LaunchImage@2x.png in Resources */ = {isa = PBXBuildFile; fileRef = 610850A41B5B64F8006067DD /* LaunchImage@2x.png */; };
		610850A91B5B64F8006067DD /* LoginBackground@2x.png in Resources */ = {isa = PBXBuildFile; fileRef = 610850A51B5B64F8006067DD /* LoginBackground@2x.png */; };
		610852B51B5B747C006067DD /* Address_IconHl@2x.png in Resources */ = {isa = PBXBuildFile; fileRef = 610852B31B5B747C006067DD /* Address_IconHl@2x.png */; };
		610852B61B5B747C006067DD /* Address_IconHl@3x.png in Resources */ = {isa = PBXBuildFile; fileRef = 610852B41B5B747C006067DD /* Address_IconHl@3x.png */; };
		610852BB1B5B770F006067DD /* tabbar_mates@2x.png in Resources */ = {isa = PBXBuildFile; fileRef = 610852B71B5B770F006067DD /* tabbar_mates@2x.png */; };
		610852BC1B5B770F006067DD /* tabbar_mates_hover@2x.png in Resources */ = {isa = PBXBuildFile; fileRef = 610852B81B5B770F006067DD /* tabbar_mates_hover@2x.png */; };
		610852BD1B5B770F006067DD /* tabbar_more@2x.png in Resources */ = {isa = PBXBuildFile; fileRef = 610852B91B5B770F006067DD /* tabbar_more@2x.png */; };
		610852BE1B5B770F006067DD /* tabbar_more_hover@2x.png in Resources */ = {isa = PBXBuildFile; fileRef = 610852BA1B5B770F006067DD /* tabbar_more_hover@2x.png */; };
		610852C21B5B7A32006067DD /* JKXMPPTool.m in Sources */ = {isa = PBXBuildFile; fileRef = 610852C11B5B7A32006067DD /* JKXMPPTool.m */; };
		61674EC61B5CC6EF00FB74BC /* RegistViewController.m in Sources */ = {isa = PBXBuildFile; fileRef = 61674EC51B5CC6EF00FB74BC /* RegistViewController.m */; };
		616A1B9B1B612CA600471C09 /* Shot1.png in Resources */ = {isa = PBXBuildFile; fileRef = 616A1B981B612CA600471C09 /* Shot1.png */; };
		616A1B9C1B612CA600471C09 /* Shot2.png in Resources */ = {isa = PBXBuildFile; fileRef = 616A1B991B612CA600471C09 /* Shot2.png */; };
		616A1B9F1B6131DE00471C09 /* lufei.jpeg in Resources */ = {isa = PBXBuildFile; fileRef = 616A1B9E1B6131DE00471C09 /* lufei.jpeg */; };
		616A1BA11B6131E400471C09 /* aisi.jpg in Resources */ = {isa = PBXBuildFile; fileRef = 616A1BA01B6131E400471C09 /* aisi.jpg */; };
		61C5FA901B5FE29000076CCC /* wechat.png in Resources */ = {isa = PBXBuildFile; fileRef = 61C5FA8F1B5FE29000076CCC /* wechat.png */; };
		61C5FA931B5FEE4C00076CCC /* ChatViewController.m in Sources */ = {isa = PBXBuildFile; fileRef = 61C5FA921B5FEE4C00076CCC /* ChatViewController.m */; };
		61ECB0901B614B9200D1DCB6 /* Shot3.png in Resources */ = {isa = PBXBuildFile; fileRef = 61ECB08E1B614B9200D1DCB6 /* Shot3.png */; };
		61ECB0911B614B9200D1DCB6 /* Shot4.png in Resources */ = {isa = PBXBuildFile; fileRef = 61ECB08F1B614B9200D1DCB6 /* Shot4.png */; };
		B95143C41D7D6F5200C57529 /* tabbar_disc@2x.png in Resources */ = {isa = PBXBuildFile; fileRef = B95143C21D7D6F5200C57529 /* tabbar_disc@2x.png */; };
		B95143C51D7D6F5200C57529 /* tabbar_disc_hover@2x.png in Resources */ = {isa = PBXBuildFile; fileRef = B95143C31D7D6F5200C57529 /* tabbar_disc_hover@2x.png */; };
		B95143C81D7D715100C57529 /* RoomsViewController.m in Sources */ = {isa = PBXBuildFile; fileRef = B95143C71D7D715100C57529 /* RoomsViewController.m */; };
		B95143CB1D7D759F00C57529 /* SettingViewController.m in Sources */ = {isa = PBXBuildFile; fileRef = B95143CA1D7D759F00C57529 /* SettingViewController.m */; };
/* End PBXBuildFile section */

/* Begin PBXFileReference section */
		5C5C0E222A5DAE24001A40CE /* AVFoundation.framework */ = {isa = PBXFileReference; lastKnownFileType = wrapper.framework; name = AVFoundation.framework; path = System/Library/Frameworks/AVFoundation.framework; sourceTree = SDKROOT; };
		6103330A1B5EA3B70095FB4A /* ContactsViewController.h */ = {isa = PBXFileReference; fileEncoding = 4; lastKnownFileType = sourcecode.c.h; path = ContactsViewController.h; sourceTree = "<group>"; };
		6103330B1B5EA3B70095FB4A /* ContactsViewController.m */ = {isa = PBXFileReference; fileEncoding = 4; lastKnownFileType = sourcecode.c.objc; path = ContactsViewController.m; sourceTree = "<group>"; };
		6103330D1B5EA6AA0095FB4A /* AddFriendViewController.h */ = {isa = PBXFileReference; fileEncoding = 4; lastKnownFileType = sourcecode.c.h; path = AddFriendViewController.h; sourceTree = "<group>"; };
		6103330E1B5EA6AA0095FB4A /* AddFriendViewController.m */ = {isa = PBXFileReference; fileEncoding = 4; lastKnownFileType = sourcecode.c.objc; path = AddFriendViewController.m; sourceTree = "<group>"; };
		610850771B5B6054006067DD /* ChatDemo.app */ = {isa = PBXFileReference; explicitFileType = wrapper.application; includeInIndex = 0; path = ChatDemo.app; sourceTree = BUILT_PRODUCTS_DIR; };
		6108507B1B5B6054006067DD /* Info.plist */ = {isa = PBXFileReference; lastKnownFileType = text.plist.xml; path = Info.plist; sourceTree = "<group>"; };
		6108507C1B5B6054006067DD /* main.m */ = {isa = PBXFileReference; lastKnownFileType = sourcecode.c.objc; path = main.m; sourceTree = "<group>"; };
		6108507E1B5B6054006067DD /* AppDelegate.h */ = {isa = PBXFileReference; lastKnownFileType = sourcecode.c.h; path = AppDelegate.h; sourceTree = "<group>"; };
		6108507F1B5B6054006067DD /* AppDelegate.m */ = {isa = PBXFileReference; lastKnownFileType = sourcecode.c.objc; path = AppDelegate.m; sourceTree = "<group>"; };
		610850811B5B6054006067DD /* ViewController.h */ = {isa = PBXFileReference; lastKnownFileType = sourcecode.c.h; path = ViewController.h; sourceTree = "<group>"; };
		610850821B5B6054006067DD /* ViewController.m */ = {isa = PBXFileReference; lastKnownFileType = sourcecode.c.objc; path = ViewController.m; sourceTree = "<group>"; };
		610850851B5B6054006067DD /* Base */ = {isa = PBXFileReference; lastKnownFileType = file.storyboard; name = Base; path = Base.lproj/Main.storyboard; sourceTree = "<group>"; };
		610850871B5B6054006067DD /* Images.xcassets */ = {isa = PBXFileReference; lastKnownFileType = folder.assetcatalog; path = Images.xcassets; sourceTree = "<group>"; };
		610850A21B5B64F8006067DD /* LaunchImage-568h@2x.png */ = {isa = PBXFileReference; lastKnownFileType = image.png; path = "LaunchImage-568h@2x.png"; sourceTree = "<group>"; };
		610850A31B5B64F8006067DD /* LaunchImage.png */ = {isa = PBXFileReference; lastKnownFileType = image.png; path = LaunchImage.png; sourceTree = "<group>"; };
		610850A41B5B64F8006067DD /* LaunchImage@2x.png */ = {isa = PBXFileReference; lastKnownFileType = image.png; path = "LaunchImage@2x.png"; sourceTree = "<group>"; };
		610850A51B5B64F8006067DD /* LoginBackground@2x.png */ = {isa = PBXFileReference; lastKnownFileType = image.png; path = "LoginBackground@2x.png"; sourceTree = "<group>"; };
		610852B01B5B6DF1006067DD /* PrefixHeader.pch */ = {isa = PBXFileReference; fileEncoding = 4; lastKnownFileType = sourcecode.c.h; path = PrefixHeader.pch; sourceTree = "<group>"; };
		610852B31B5B747C006067DD /* Address_IconHl@2x.png */ = {isa = PBXFileReference; lastKnownFileType = image.png; path = "Address_IconHl@2x.png"; sourceTree = "<group>"; };
		610852B41B5B747C006067DD /* Address_IconHl@3x.png */ = {isa = PBXFileReference; lastKnownFileType = image.png; path = "Address_IconHl@3x.png"; sourceTree = "<group>"; };
		610852B71B5B770F006067DD /* tabbar_mates@2x.png */ = {isa = PBXFileReference; lastKnownFileType = image.png; path = "tabbar_mates@2x.png"; sourceTree = "<group>"; };
		610852B81B5B770F006067DD /* tabbar_mates_hover@2x.png */ = {isa = PBXFileReference; lastKnownFileType = image.png; path = "tabbar_mates_hover@2x.png"; sourceTree = "<group>"; };
		610852B91B5B770F006067DD /* tabbar_more@2x.png */ = {isa = PBXFileReference; lastKnownFileType = image.png; path = "tabbar_more@2x.png"; sourceTree = "<group>"; };
		610852BA1B5B770F006067DD /* tabbar_more_hover@2x.png */ = {isa = PBXFileReference; lastKnownFileType = image.png; path = "tabbar_more_hover@2x.png"; sourceTree = "<group>"; };
		610852C01B5B7A32006067DD /* JKXMPPTool.h */ = {isa = PBXFileReference; fileEncoding = 4; lastKnownFileType = sourcecode.c.h; path = JKXMPPTool.h; sourceTree = "<group>"; };
		610852C11B5B7A32006067DD /* JKXMPPTool.m */ = {isa = PBXFileReference; fileEncoding = 4; lastKnownFileType = sourcecode.c.objc; path = JKXMPPTool.m; sourceTree = "<group>"; };
		610852C31B5B8900006067DD /* zh-Hans */ = {isa = PBXFileReference; lastKnownFileType = text.plist.strings; name = "zh-Hans"; path = "zh-Hans.lproj/Main.strings"; sourceTree = "<group>"; };
		61674EC41B5CC6EF00FB74BC /* RegistViewController.h */ = {isa = PBXFileReference; fileEncoding = 4; lastKnownFileType = sourcecode.c.h; path = RegistViewController.h; sourceTree = "<group>"; };
		61674EC51B5CC6EF00FB74BC /* RegistViewController.m */ = {isa = PBXFileReference; fileEncoding = 4; lastKnownFileType = sourcecode.c.objc; path = RegistViewController.m; sourceTree = "<group>"; };
		616A1B981B612CA600471C09 /* Shot1.png */ = {isa = PBXFileReference; lastKnownFileType = image.png; path = Shot1.png; sourceTree = "<group>"; };
		616A1B991B612CA600471C09 /* Shot2.png */ = {isa = PBXFileReference; lastKnownFileType = image.png; path = Shot2.png; sourceTree = "<group>"; };
		616A1B9E1B6131DE00471C09 /* lufei.jpeg */ = {isa = PBXFileReference; lastKnownFileType = image.jpeg; path = lufei.jpeg; sourceTree = "<group>"; };
		616A1BA01B6131E400471C09 /* aisi.jpg */ = {isa = PBXFileReference; lastKnownFileType = image.jpeg; path = aisi.jpg; sourceTree = "<group>"; };
		61C5FA8F1B5FE29000076CCC /* wechat.png */ = {isa = PBXFileReference; lastKnownFileType = image.png; path = wechat.png; sourceTree = "<group>"; };
		61C5FA911B5FEE4C00076CCC /* ChatViewController.h */ = {isa = PBXFileReference; fileEncoding = 4; lastKnownFileType = sourcecode.c.h; path = ChatViewController.h; sourceTree = "<group>"; };
		61C5FA921B5FEE4C00076CCC /* ChatViewController.m */ = {isa = PBXFileReference; fileEncoding = 4; lastKnownFileType = sourcecode.c.objc; path = ChatViewController.m; sourceTree = "<group>"; };
		61ECB08E1B614B9200D1DCB6 /* Shot3.png */ = {isa = PBXFileReference; lastKnownFileType = image.png; path = Shot3.png; sourceTree = "<group>"; };
		61ECB08F1B614B9200D1DCB6 /* Shot4.png */ = {isa = PBXFileReference; lastKnownFileType = image.png; path = Shot4.png; sourceTree = "<group>"; };
		717BCE6237B9A50FA5169B3E /* Pods-ChatDemo.release.xcconfig */ = {isa = PBXFileReference; includeInIndex = 1; lastKnownFileType = text.xcconfig; name = "Pods-ChatDemo.release.xcconfig"; path = "Target Support Files/Pods-ChatDemo/Pods-ChatDemo.release.xcconfig"; sourceTree = "<group>"; };
		9A1A7FD34D44F40C478B2916 /* Pods-ChatDemo.debug.xcconfig */ = {isa = PBXFileReference; includeInIndex = 1; lastKnownFileType = text.xcconfig; name = "Pods-ChatDemo.debug.xcconfig"; path = "Target Support Files/Pods-ChatDemo/Pods-ChatDemo.debug.xcconfig"; sourceTree = "<group>"; };
		B95143C21D7D6F5200C57529 /* tabbar_disc@2x.png */ = {isa = PBXFileReference; lastKnownFileType = image.png; path = "tabbar_disc@2x.png"; sourceTree = "<group>"; };
		B95143C31D7D6F5200C57529 /* tabbar_disc_hover@2x.png */ = {isa = PBXFileReference; lastKnownFileType = image.png; path = "tabbar_disc_hover@2x.png"; sourceTree = "<group>"; };
		B95143C61D7D715100C57529 /* RoomsViewController.h */ = {isa = PBXFileReference; fileEncoding = 4; lastKnownFileType = sourcecode.c.h; path = RoomsViewController.h; sourceTree = "<group>"; };
		B95143C71D7D715100C57529 /* RoomsViewController.m */ = {isa = PBXFileReference; fileEncoding = 4; lastKnownFileType = sourcecode.c.objc; path = RoomsViewController.m; sourceTree = "<group>"; };
		B95143C91D7D759F00C57529 /* SettingViewController.h */ = {isa = PBXFileReference; fileEncoding = 4; lastKnownFileType = sourcecode.c.h; path = SettingViewController.h; sourceTree = "<group>"; };
		B95143CA1D7D759F00C57529 /* SettingViewController.m */ = {isa = PBXFileReference; fileEncoding = 4; lastKnownFileType = sourcecode.c.objc; path = SettingViewController.m; sourceTree = "<group>"; };
		C60708FA21D7E0AECECC67EF /* Pods_ChatDemo.framework */ = {isa = PBXFileReference; explicitFileType = wrapper.framework; includeInIndex = 0; path = Pods_ChatDemo.framework; sourceTree = BUILT_PRODUCTS_DIR; };
/* End PBXFileReference section */

/* Begin PBXFrameworksBuildPhase section */
		610850741B5B6054006067DD /* Frameworks */ = {
			isa = PBXFrameworksBuildPhase;
			buildActionMask = 2147483647;
			files = (
				5C5C0E232A5DAE24001A40CE /* AVFoundation.framework in Frameworks */,
				5C5C0E1F2A5DA4B2001A40CE /* Pods_ChatDemo.framework in Frameworks */,
			);
			runOnlyForDeploymentPostprocessing = 0;
		};
/* End PBXFrameworksBuildPhase section */

/* Begin PBXGroup section */
		609CE66F03BD30AFE50307EC /* Frameworks */ = {
			isa = PBXGroup;
			children = (
				5C5C0E222A5DAE24001A40CE /* AVFoundation.framework */,
				C60708FA21D7E0AECECC67EF /* Pods_ChatDemo.framework */,
			);
			name = Frameworks;
			sourceTree = "<group>";
		};
		6108506E1B5B6054006067DD = {
			isa = PBXGroup;
			children = (
				610850791B5B6054006067DD /* ChatDemo */,
				610850781B5B6054006067DD /* Products */,
				8EF9BE392AA2584C98E4CA85 /* Pods */,
				609CE66F03BD30AFE50307EC /* Frameworks */,
			);
			sourceTree = "<group>";
		};
		610850781B5B6054006067DD /* Products */ = {
			isa = PBXGroup;
			children = (
				610850771B5B6054006067DD /* ChatDemo.app */,
			);
			name = Products;
			sourceTree = "<group>";
		};
		610850791B5B6054006067DD /* ChatDemo */ = {
			isa = PBXGroup;
			children = (
				610852BF1B5B7A0E006067DD /* Tools */,
				6108507E1B5B6054006067DD /* AppDelegate.h */,
				6108507F1B5B6054006067DD /* AppDelegate.m */,
				610850811B5B6054006067DD /* ViewController.h */,
				610850821B5B6054006067DD /* ViewController.m */,
				61674EC41B5CC6EF00FB74BC /* RegistViewController.h */,
				61674EC51B5CC6EF00FB74BC /* RegistViewController.m */,
				6103330A1B5EA3B70095FB4A /* ContactsViewController.h */,
				6103330B1B5EA3B70095FB4A /* ContactsViewController.m */,
				B95143C61D7D715100C57529 /* RoomsViewController.h */,
				B95143C71D7D715100C57529 /* RoomsViewController.m */,
				6103330D1B5EA6AA0095FB4A /* AddFriendViewController.h */,
				6103330E1B5EA6AA0095FB4A /* AddFriendViewController.m */,
				61C5FA911B5FEE4C00076CCC /* ChatViewController.h */,
				61C5FA921B5FEE4C00076CCC /* ChatViewController.m */,
				B95143C91D7D759F00C57529 /* SettingViewController.h */,
				B95143CA1D7D759F00C57529 /* SettingViewController.m */,
				610850841B5B6054006067DD /* Main.storyboard */,
				610850871B5B6054006067DD /* Images.xcassets */,
				6108507A1B5B6054006067DD /* Supporting Files */,
			);
			path = ChatDemo;
			sourceTree = "<group>";
		};
		6108507A1B5B6054006067DD /* Supporting Files */ = {
			isa = PBXGroup;
			children = (
				610850A01B5B64F8006067DD /* Resources */,
				6108507B1B5B6054006067DD /* Info.plist */,
				6108507C1B5B6054006067DD /* main.m */,
				610852B01B5B6DF1006067DD /* PrefixHeader.pch */,
			);
			name = "Supporting Files";
			sourceTree = "<group>";
		};
		610850A01B5B64F8006067DD /* Resources */ = {
			isa = PBXGroup;
			children = (
				610850A11B5B64F8006067DD /* Images */,
			);
			path = Resources;
			sourceTree = "<group>";
		};
		610850A11B5B64F8006067DD /* Images */ = {
			isa = PBXGroup;
			children = (
				616A1B971B612C9B00471C09 /* screenShot */,
				61C5FA8F1B5FE29000076CCC /* wechat.png */,
				616A1B9E1B6131DE00471C09 /* lufei.jpeg */,
				616A1BA01B6131E400471C09 /* aisi.jpg */,
				610852B71B5B770F006067DD /* tabbar_mates@2x.png */,
				610852B81B5B770F006067DD /* tabbar_mates_hover@2x.png */,
				B95143C21D7D6F5200C57529 /* tabbar_disc@2x.png */,
				B95143C31D7D6F5200C57529 /* tabbar_disc_hover@2x.png */,
				610852B91B5B770F006067DD /* tabbar_more@2x.png */,
				610852BA1B5B770F006067DD /* tabbar_more_hover@2x.png */,
				610852B31B5B747C006067DD /* Address_IconHl@2x.png */,
				610852B41B5B747C006067DD /* Address_IconHl@3x.png */,
				610850A21B5B64F8006067DD /* LaunchImage-568h@2x.png */,
				610850A31B5B64F8006067DD /* LaunchImage.png */,
				610850A41B5B64F8006067DD /* LaunchImage@2x.png */,
				610850A51B5B64F8006067DD /* LoginBackground@2x.png */,
			);
			path = Images;
			sourceTree = "<group>";
		};
		610852BF1B5B7A0E006067DD /* Tools */ = {
			isa = PBXGroup;
			children = (
				610852C01B5B7A32006067DD /* JKXMPPTool.h */,
				610852C11B5B7A32006067DD /* JKXMPPTool.m */,
			);
			path = Tools;
			sourceTree = "<group>";
		};
		616A1B971B612C9B00471C09 /* screenShot */ = {
			isa = PBXGroup;
			children = (
				616A1B981B612CA600471C09 /* Shot1.png */,
				616A1B991B612CA600471C09 /* Shot2.png */,
				61ECB08E1B614B9200D1DCB6 /* Shot3.png */,
				61ECB08F1B614B9200D1DCB6 /* Shot4.png */,
			);
			path = screenShot;
			sourceTree = "<group>";
		};
		8EF9BE392AA2584C98E4CA85 /* Pods */ = {
			isa = PBXGroup;
			children = (
				9A1A7FD34D44F40C478B2916 /* Pods-ChatDemo.debug.xcconfig */,
				717BCE6237B9A50FA5169B3E /* Pods-ChatDemo.release.xcconfig */,
			);
			path = Pods;
			sourceTree = "<group>";
		};
/* End PBXGroup section */

/* Begin PBXNativeTarget section */
		610850761B5B6054006067DD /* ChatDemo */ = {
			isa = PBXNativeTarget;
			buildConfigurationList = 6108509A1B5B6054006067DD /* Build configuration list for PBXNativeTarget "ChatDemo" */;
			buildPhases = (
				7AF742A9DAC87BD9C6791E32 /* [CP] Check Pods Manifest.lock */,
				610850731B5B6054006067DD /* Sources */,
				610850741B5B6054006067DD /* Frameworks */,
				610850751B5B6054006067DD /* Resources */,
				4E19EF172FB11CCE5CE75734 /* [CP] Embed Pods Frameworks */,
			);
			buildRules = (
			);
			dependencies = (
			);
			name = ChatDemo;
			productName = ChatDemo;
			productReference = 610850771B5B6054006067DD /* ChatDemo.app */;
			productType = "com.apple.product-type.application";
		};
/* End PBXNativeTarget section */

/* Begin PBXProject section */
		6108506F1B5B6054006067DD /* Project object */ = {
			isa = PBXProject;
			attributes = {
				BuildIndependentTargetsInParallel = YES;
				LastUpgradeCheck = 1430;
				ORGANIZATIONNAME = Mac;
				TargetAttributes = {
					610850761B5B6054006067DD = {
						CreatedOnToolsVersion = 6.2;
					};
				};
			};
			buildConfigurationList = 610850721B5B6054006067DD /* Build configuration list for PBXProject "ChatDemo" */;
			compatibilityVersion = "Xcode 3.2";
			developmentRegion = English;
			hasScannedForEncodings = 0;
			knownRegions = (
				English,
				en,
				Base,
				"zh-Hans",
			);
			mainGroup = 6108506E1B5B6054006067DD;
			productRefGroup = 610850781B5B6054006067DD /* Products */;
			projectDirPath = "";
			projectRoot = "";
			targets = (
				610850761B5B6054006067DD /* ChatDemo */,
			);
		};
/* End PBXProject section */

/* Begin PBXResourcesBuildPhase section */
		610850751B5B6054006067DD /* Resources */ = {
			isa = PBXResourcesBuildPhase;
			buildActionMask = 2147483647;
			files = (
				610852BC1B5B770F006067DD /* tabbar_mates_hover@2x.png in Resources */,
				616A1BA11B6131E400471C09 /* aisi.jpg in Resources */,
				610850861B5B6054006067DD /* Main.storyboard in Resources */,
				610850A91B5B64F8006067DD /* LoginBackground@2x.png in Resources */,
				610850A81B5B64F8006067DD /* LaunchImage@2x.png in Resources */,
				610850A71B5B64F8006067DD /* LaunchImage.png in Resources */,
				610852B51B5B747C006067DD /* Address_IconHl@2x.png in Resources */,
				610852BB1B5B770F006067DD /* tabbar_mates@2x.png in Resources */,
				61ECB0911B614B9200D1DCB6 /* Shot4.png in Resources */,
				B95143C41D7D6F5200C57529 /* tabbar_disc@2x.png in Resources */,
				61C5FA901B5FE29000076CCC /* wechat.png in Resources */,
				61ECB0901B614B9200D1DCB6 /* Shot3.png in Resources */,
				610852BE1B5B770F006067DD /* tabbar_more_hover@2x.png in Resources */,
				610850A61B5B64F8006067DD /* LaunchImage-568h@2x.png in Resources */,
				616A1B9F1B6131DE00471C09 /* lufei.jpeg in Resources */,
				616A1B9B1B612CA600471C09 /* Shot1.png in Resources */,
				B95143C51D7D6F5200C57529 /* tabbar_disc_hover@2x.png in Resources */,
				616A1B9C1B612CA600471C09 /* Shot2.png in Resources */,
				610852B61B5B747C006067DD /* Address_IconHl@3x.png in Resources */,
				610850881B5B6054006067DD /* Images.xcassets in Resources */,
				610852BD1B5B770F006067DD /* tabbar_more@2x.png in Resources */,
			);
			runOnlyForDeploymentPostprocessing = 0;
		};
/* End PBXResourcesBuildPhase section */

/* Begin PBXShellScriptBuildPhase section */
		4E19EF172FB11CCE5CE75734 /* [CP] Embed Pods Frameworks */ = {
			isa = PBXShellScriptBuildPhase;
			buildActionMask = 2147483647;
			files = (
			);
			inputPaths = (
				"${PODS_ROOT}/Target Support Files/Pods-ChatDemo/Pods-ChatDemo-frameworks.sh",
				"${BUILT_PRODUCTS_DIR}/CocoaAsyncSocket/CocoaAsyncSocket.framework",
				"${BUILT_PRODUCTS_DIR}/CocoaLumberjack/CocoaLumberjack.framework",
				"${BUILT_PRODUCTS_DIR}/KissXML/KissXML.framework",
				"${BUILT_PRODUCTS_DIR}/XMPPFramework/XMPPFramework.framework",
				"${BUILT_PRODUCTS_DIR}/libidn/libidn.framework",
			);
			name = "[CP] Embed Pods Frameworks";
			outputPaths = (
				"${TARGET_BUILD_DIR}/${FRAMEWORKS_FOLDER_PATH}/CocoaAsyncSocket.framework",
				"${TARGET_BUILD_DIR}/${FRAMEWORKS_FOLDER_PATH}/CocoaLumberjack.framework",
				"${TARGET_BUILD_DIR}/${FRAMEWORKS_FOLDER_PATH}/KissXML.framework",
				"${TARGET_BUILD_DIR}/${FRAMEWORKS_FOLDER_PATH}/XMPPFramework.framework",
				"${TARGET_BUILD_DIR}/${FRAMEWORKS_FOLDER_PATH}/libidn.framework",
			);
			runOnlyForDeploymentPostprocessing = 0;
			shellPath = /bin/sh;
			shellScript = "\"${PODS_ROOT}/Target Support Files/Pods-ChatDemo/Pods-ChatDemo-frameworks.sh\"\n";
			showEnvVarsInLog = 0;
		};
		7AF742A9DAC87BD9C6791E32 /* [CP] Check Pods Manifest.lock */ = {
			isa = PBXShellScriptBuildPhase;
			buildActionMask = 2147483647;
			files = (
			);
			inputFileListPaths = (
			);
			inputPaths = (
				"${PODS_PODFILE_DIR_PATH}/Podfile.lock",
				"${PODS_ROOT}/Manifest.lock",
			);
			name = "[CP] Check Pods Manifest.lock";
			outputFileListPaths = (
			);
			outputPaths = (
				"$(DERIVED_FILE_DIR)/Pods-ChatDemo-checkManifestLockResult.txt",
			);
			runOnlyForDeploymentPostprocessing = 0;
			shellPath = /bin/sh;
			shellScript = "diff \"${PODS_PODFILE_DIR_PATH}/Podfile.lock\" \"${PODS_ROOT}/Manifest.lock\" > /dev/null\nif [ $? != 0 ] ; then\n    # print error to STDERR\n    echo \"error: The sandbox is not in sync with the Podfile.lock. Run 'pod install' or update your CocoaPods installation.\" >&2\n    exit 1\nfi\n# This output is used by Xcode 'outputs' to avoid re-running this script phase.\necho \"SUCCESS\" > \"${SCRIPT_OUTPUT_FILE_0}\"\n";
			showEnvVarsInLog = 0;
		};
/* End PBXShellScriptBuildPhase section */

/* Begin PBXSourcesBuildPhase section */
		610850731B5B6054006067DD /* Sources */ = {
			isa = PBXSourcesBuildPhase;
			buildActionMask = 2147483647;
			files = (
				610852C21B5B7A32006067DD /* JKXMPPTool.m in Sources */,
				610850831B5B6054006067DD /* ViewController.m in Sources */,
				610850801B5B6054006067DD /* AppDelegate.m in Sources */,
				B95143CB1D7D759F00C57529 /* SettingViewController.m in Sources */,
				61674EC61B5CC6EF00FB74BC /* RegistViewController.m in Sources */,
				6103330F1B5EA6AA0095FB4A /* AddFriendViewController.m in Sources */,
				61C5FA931B5FEE4C00076CCC /* ChatViewController.m in Sources */,
				B95143C81D7D715100C57529 /* RoomsViewController.m in Sources */,
				6103330C1B5EA3B70095FB4A /* ContactsViewController.m in Sources */,
				6108507D1B5B6054006067DD /* main.m in Sources */,
			);
			runOnlyForDeploymentPostprocessing = 0;
		};
/* End PBXSourcesBuildPhase section */

/* Begin PBXVariantGroup section */
		610850841B5B6054006067DD /* Main.storyboard */ = {
			isa = PBXVariantGroup;
			children = (
				610850851B5B6054006067DD /* Base */,
				610852C31B5B8900006067DD /* zh-Hans */,
			);
			name = Main.storyboard;
			sourceTree = "<group>";
		};
/* End PBXVariantGroup section */

/* Begin XCBuildConfiguration section */
		610850981B5B6054006067DD /* Debug */ = {
			isa = XCBuildConfiguration;
			buildSettings = {
				ALWAYS_SEARCH_USER_PATHS = NO;
				CLANG_ANALYZER_LOCALIZABILITY_NONLOCALIZED = YES;
				CLANG_CXX_LANGUAGE_STANDARD = "gnu++0x";
				CLANG_CXX_LIBRARY = "libc++";
				CLANG_ENABLE_MODULES = YES;
				CLANG_ENABLE_OBJC_ARC = YES;
				CLANG_WARN_BLOCK_CAPTURE_AUTORELEASING = YES;
				CLANG_WARN_BOOL_CONVERSION = YES;
				CLANG_WARN_COMMA = YES;
				CLANG_WARN_CONSTANT_CONVERSION = YES;
				CLANG_WARN_DEPRECATED_OBJC_IMPLEMENTATIONS = YES;
				CLANG_WARN_DIRECT_OBJC_ISA_USAGE = YES_ERROR;
				CLANG_WARN_EMPTY_BODY = YES;
				CLANG_WARN_ENUM_CONVERSION = YES;
				CLANG_WARN_INFINITE_RECURSION = YES;
				CLANG_WARN_INT_CONVERSION = YES;
				CLANG_WARN_NON_LITERAL_NULL_CONVERSION = YES;
				CLANG_WARN_OBJC_IMPLICIT_RETAIN_SELF = YES;
				CLANG_WARN_OBJC_LITERAL_CONVERSION = YES;
				CLANG_WARN_OBJC_ROOT_CLASS = YES_ERROR;
				CLANG_WARN_QUOTED_INCLUDE_IN_FRAMEWORK_HEADER = YES;
				CLANG_WARN_RANGE_LOOP_ANALYSIS = YES;
				CLANG_WARN_STRICT_PROTOTYPES = YES;
				CLANG_WARN_SUSPICIOUS_MOVE = YES;
				CLANG_WARN_UNREACHABLE_CODE = YES;
				CLANG_WARN__DUPLICATE_METHOD_MATCH = YES;
				"CODE_SIGN_IDENTITY[sdk=iphoneos*]" = "iPhone Developer";
				COPY_PHASE_STRIP = NO;
				ENABLE_STRICT_OBJC_MSGSEND = YES;
				ENABLE_TESTABILITY = YES;
				GCC_C_LANGUAGE_STANDARD = gnu99;
				GCC_DYNAMIC_NO_PIC = NO;
				GCC_NO_COMMON_BLOCKS = YES;
				GCC_OPTIMIZATION_LEVEL = 0;
				GCC_PREPROCESSOR_DEFINITIONS = (
					"DEBUG=1",
					"$(inherited)",
				);
				GCC_SYMBOLS_PRIVATE_EXTERN = NO;
				GCC_WARN_64_TO_32_BIT_CONVERSION = YES;
				GCC_WARN_ABOUT_RETURN_TYPE = YES_ERROR;
				GCC_WARN_UNDECLARED_SELECTOR = YES;
				GCC_WARN_UNINITIALIZED_AUTOS = YES_AGGRESSIVE;
				GCC_WARN_UNUSED_FUNCTION = YES;
				GCC_WARN_UNUSED_VARIABLE = YES;
				IPHONEOS_DEPLOYMENT_TARGET = 12.0;
				MTL_ENABLE_DEBUG_INFO = YES;
				ONLY_ACTIVE_ARCH = YES;
				SDKROOT = iphoneos;
			};
			name = Debug;
		};
		610850991B5B6054006067DD /* Release */ = {
			isa = XCBuildConfiguration;
			buildSettings = {
				ALWAYS_SEARCH_USER_PATHS = NO;
				CLANG_ANALYZER_LOCALIZABILITY_NONLOCALIZED = YES;
				CLANG_CXX_LANGUAGE_STANDARD = "gnu++0x";
				CLANG_CXX_LIBRARY = "libc++";
				CLANG_ENABLE_MODULES = YES;
				CLANG_ENABLE_OBJC_ARC = YES;
				CLANG_WARN_BLOCK_CAPTURE_AUTORELEASING = YES;
				CLANG_WARN_BOOL_CONVERSION = YES;
				CLANG_WARN_COMMA = YES;
				CLANG_WARN_CONSTANT_CONVERSION = YES;
				CLANG_WARN_DEPRECATED_OBJC_IMPLEMENTATIONS = YES;
				CLANG_WARN_DIRECT_OBJC_ISA_USAGE = YES_ERROR;
				CLANG_WARN_EMPTY_BODY = YES;
				CLANG_WARN_ENUM_CONVERSION = YES;
				CLANG_WARN_INFINITE_RECURSION = YES;
				CLANG_WARN_INT_CONVERSION = YES;
				CLANG_WARN_NON_LITERAL_NULL_CONVERSION = YES;
				CLANG_WARN_OBJC_IMPLICIT_RETAIN_SELF = YES;
				CLANG_WARN_OBJC_LITERAL_CONVERSION = YES;
				CLANG_WARN_OBJC_ROOT_CLASS = YES_ERROR;
				CLANG_WARN_QUOTED_INCLUDE_IN_FRAMEWORK_HEADER = YES;
				CLANG_WARN_RANGE_LOOP_ANALYSIS = YES;
				CLANG_WARN_STRICT_PROTOTYPES = YES;
				CLANG_WARN_SUSPICIOUS_MOVE = YES;
				CLANG_WARN_UNREACHABLE_CODE = YES;
				CLANG_WARN__DUPLICATE_METHOD_MATCH = YES;
				"CODE_SIGN_IDENTITY[sdk=iphoneos*]" = "iPhone Developer";
				COPY_PHASE_STRIP = NO;
				ENABLE_NS_ASSERTIONS = NO;
				ENABLE_STRICT_OBJC_MSGSEND = YES;
				GCC_C_LANGUAGE_STANDARD = gnu99;
				GCC_NO_COMMON_BLOCKS = YES;
				GCC_WARN_64_TO_32_BIT_CONVERSION = YES;
				GCC_WARN_ABOUT_RETURN_TYPE = YES_ERROR;
				GCC_WARN_UNDECLARED_SELECTOR = YES;
				GCC_WARN_UNINITIALIZED_AUTOS = YES_AGGRESSIVE;
				GCC_WARN_UNUSED_FUNCTION = YES;
				GCC_WARN_UNUSED_VARIABLE = YES;
				IPHONEOS_DEPLOYMENT_TARGET = 12.0;
				MTL_ENABLE_DEBUG_INFO = NO;
				SDKROOT = iphoneos;
				VALIDATE_PRODUCT = YES;
			};
			name = Release;
		};
		6108509B1B5B6054006067DD /* Debug */ = {
			isa = XCBuildConfiguration;
			baseConfigurationReference = 9A1A7FD34D44F40C478B2916 /* Pods-ChatDemo.debug.xcconfig */;
			buildSettings = {
				ASSETCATALOG_COMPILER_APPICON_NAME = AppIcon;
				ASSETCATALOG_COMPILER_LAUNCHIMAGE_NAME = LaunchImage;
				DEVELOPMENT_TEAM = BFQM2YX9WF;
				GCC_PRECOMPILE_PREFIX_HEADER = YES;
				GCC_PREFIX_HEADER = $SRCROOT/ChatDemo/PrefixHeader.pch;
				HEADER_SEARCH_PATHS = (
					"$(inherited)",
					"/Applications/Xcode\\ 6.2.app/Contents/Developer/Toolchains/XcodeDefault.xctoolchain/usr/include",
					/usr/include/libxml2,
				);
				INFOPLIST_FILE = ChatDemo/Info.plist;
				IPHONEOS_DEPLOYMENT_TARGET = 14.0;
				LD_RUNPATH_SEARCH_PATHS = (
					"$(inherited)",
					"@executable_path/Frameworks",
				);
				LIBRARY_SEARCH_PATHS = (
					"$(inherited)",
					"$(PROJECT_DIR)/ChatDemo/XMPP/Vendor/libidn",
				);
				PRODUCT_BUNDLE_IDENTIFIER = "com.joting.--PRODUCT-NAME-rfc1034identifier-";
				PRODUCT_NAME = "$(TARGET_NAME)";
			};
			name = Debug;
		};
		6108509C1B5B6054006067DD /* Release */ = {
			isa = XCBuildConfiguration;
			baseConfigurationReference = 717BCE6237B9A50FA5169B3E /* Pods-ChatDemo.release.xcconfig */;
			buildSettings = {
				ASSETCATALOG_COMPILER_APPICON_NAME = AppIcon;
				ASSETCATALOG_COMPILER_LAUNCHIMAGE_NAME = LaunchImage;
				DEVELOPMENT_TEAM = BFQM2YX9WF;
				GCC_PRECOMPILE_PREFIX_HEADER = YES;
				GCC_PREFIX_HEADER = $SRCROOT/ChatDemo/PrefixHeader.pch;
				HEADER_SEARCH_PATHS = (
					"$(inherited)",
					"/Applications/Xcode\\ 6.2.app/Contents/Developer/Toolchains/XcodeDefault.xctoolchain/usr/include",
					/usr/include/libxml2,
				);
				INFOPLIST_FILE = ChatDemo/Info.plist;
				IPHONEOS_DEPLOYMENT_TARGET = 14.0;
				LD_RUNPATH_SEARCH_PATHS = (
					"$(inherited)",
					"@executable_path/Frameworks",
				);
				LIBRARY_SEARCH_PATHS = (
					"$(inherited)",
					"$(PROJECT_DIR)/ChatDemo/XMPP/Vendor/libidn",
				);
				PRODUCT_BUNDLE_IDENTIFIER = "com.joting.--PRODUCT-NAME-rfc1034identifier-";
				PRODUCT_NAME = "$(TARGET_NAME)";
			};
			name = Release;
		};
/* End XCBuildConfiguration section */

/* Begin XCConfigurationList section */
		610850721B5B6054006067DD /* Build configuration list for PBXProject "ChatDemo" */ = {
			isa = XCConfigurationList;
			buildConfigurations = (
				610850981B5B6054006067DD /* Debug */,
				610850991B5B6054006067DD /* Release */,
			);
			defaultConfigurationIsVisible = 0;
			defaultConfigurationName = Release;
		};
		6108509A1B5B6054006067DD /* Build configuration list for PBXNativeTarget "ChatDemo" */ = {
			isa = XCConfigurationList;
			buildConfigurations = (
				6108509B1B5B6054006067DD /* Debug */,
				6108509C1B5B6054006067DD /* Release */,
			);
			defaultConfigurationIsVisible = 0;
			defaultConfigurationName = Release;
		};
/* End XCConfigurationList section */
	};
	rootObject = 6108506F1B5B6054006067DD /* Project object */;
}
